Microsoft Visual Studio Solution File, Format Version 11.00
# Visual Studio 2008

Project("{4885938B-BCC8-F927-854E-4D0307D4467C}") = "1.9", "Assembly-CSharp.csproj", "{D1F5C711-72F3-A8E4-AB58-7F278DEB98A4}"
EndProject
Project("{4885938B-BCC8-F927-854E-4D0307D4467C}") = "1.9", "Assembly-UnityScript.unityproj", "{197FA7AE-8866-6980-D0DD-98A9810FAE4E}"
EndProject
Global
	GlobalSection(SolutionConfigurationPlatforms) = preSolution
		Debug|Any CPU = Debug|Any CPU
		Release|Any CPU = Release|Any CPU
	EndGlobalSection
	GlobalSection(ProjectConfigurationPlatforms) = postSolution
		{D1F5C711-72F3-A8E4-AB58-7F278DEB98A4}.Debug|Any CPU.ActiveCfg = Debug|Any CPU
		{D1F5C711-72F3-A8E4-AB58-7F278DEB98A4}.Debug|Any CPU.Build.0 = Debug|Any CPU
		{D1F5C711-72F3-A8E4-AB58-7F278DEB98A4}.Release|Any CPU.ActiveCfg = Release|Any CPU
		{D1F5C711-72F3-A8E4-AB58-7F278DEB98A4}.Release|Any CPU.Build.0 = Release|Any CPU
		{197FA7AE-8866-6980-D0DD-98A9810FAE4E}.Debug|Any CPU.ActiveCfg = Debug|Any CPU
		{197FA7AE-8866-6980-D0DD-98A9810FAE4E}.Debug|Any CPU.Build.0 = Debug|Any CPU
		{197FA7AE-8866-6980-D0DD-98A9810FAE4E}.Release|Any CPU.ActiveCfg = Release|Any CPU
		{197FA7AE-8866-6980-D0DD-98A9810FAE4E}.Release|Any CPU.Build.0 = Release|Any CPU
	EndGlobalSection
	GlobalSection(SolutionProperties) = preSolution
		HideSolutionNode = FALSE
	EndGlobalSection
			GlobalSection(MonoDevelopProperties) = preSolution
		StartupItem = Assembly-CSharp.csproj
		Policies = $0
		$0.TextStylePolicy = $1
		$1.inheritsSet = null
		$1.scope = text/x-csharp
		$0.CSharpFormattingPolicy = $2
		$2.inheritsSet = Mono
		$2.inheritsScope = text/x-csharp
		$2.scope = text/x-csharp
		$0.TextStylePolicy = $3
		$3.FileWidth = 120
		$3.TabWidth = 4
		$3.EolMarker = Unix
		$3.inheritsSet = Mono
		$3.inheritsScope = text/plain
		$3.scope = text/plain
	EndGlobalSection

EndGlobal
